
Microsoft Visual Studio Solution File, Format Version 12.00
# Visual Studio Version 16
VisualStudioVersion = 16.0.31205.176
MinimumVisualStudioVersion = 10.0.40219.1
Project("{9A19103F-16F7-4668-BE54-9A1E7A4F7556}") = "SQLQueryBuilder", "SQLQueryBuilder\SQLQueryBuilder.csproj", "{59300213-CDD0-4736-BBEE-46C5E66B50F0}"
EndProject
Project("{FAE04EC0-301F-11D3-BF4B-00C04F79EFBC}") = "SQLBuilderUT", "SQLBuilderUT\SQLBuilderUT.csproj", "{D45D5E31-A8D1-41B7-97C6-AD8ABAE1326D}"
EndProject
Global
	GlobalSection(SolutionConfigurationPlatforms) = preSolution
		Debug|Any CPU = Debug|Any CPU
		Release|Any CPU = Release|Any CPU
	EndGlobalSection
	GlobalSection(ProjectConfigurationPlatforms) = postSolution
		{59300213-CDD0-4736-BBEE-46C5E66B50F0}.Debug|Any CPU.ActiveCfg = Debug|Any CPU
		{59300213-CDD0-4736-BBEE-46C5E66B50F0}.Debug|Any CPU.Build.0 = Debug|Any CPU
		{59300213-CDD0-4736-BBEE-46C5E66B50F0}.Release|Any CPU.ActiveCfg = Release|Any CPU
		{59300213-CDD0-4736-BBEE-46C5E66B50F0}.Release|Any CPU.Build.0 = Release|Any CPU
		{D45D5E31-A8D1-41B7-97C6-AD8ABAE1326D}.Debug|Any CPU.ActiveCfg = Debug|Any CPU
		{D45D5E31-A8D1-41B7-97C6-AD8ABAE1326D}.Debug|Any CPU.Build.0 = Debug|Any CPU
		{D45D5E31-A8D1-41B7-97C6-AD8ABAE1326D}.Release|Any CPU.ActiveCfg = Release|Any CPU
		{D45D5E31-A8D1-41B7-97C6-AD8ABAE1326D}.Release|Any CPU.Build.0 = Release|Any CPU
	EndGlobalSection
	GlobalSection(SolutionProperties) = preSolution
		HideSolutionNode = FALSE
	EndGlobalSection
	GlobalSection(ExtensibilityGlobals) = postSolution
		SolutionGuid = {9DEACF0C-570E-469F-B438-F8DF9E0C6496}
	EndGlobalSection
EndGlobal
